
Microsoft Visual Studio Solution File, Format Version 11.00
# Visual Studio 2010
Project("{FAE04EC0-301F-11D3-BF4B-00C04F79EFBC}") = "Src", "Src.csproj", "{17e1e971-4a42-e731-c70c-b9a0a0704246}"
EndProject
Project("{FAE04EC0-301F-11D3-BF4B-00C04F79EFBC}") = "Tests", "Tests.csproj", "{4d149185-07d1-9a3b-3f34-475f2a800216}"
EndProject
Project("{FAE04EC0-301F-11D3-BF4B-00C04F79EFBC}") = "Libraries", "Libraries.csproj", "{d762f1c4-ea10-2ad7-f666-7fd417043b87}"
EndProject
Global
	GlobalSection(SolutionConfigurationPlatforms) = preSolution
		Debug|Any CPU = Debug|Any CPU
	EndGlobalSection
	GlobalSection(ProjectConfigurationPlatforms) = postSolution
		{17e1e971-4a42-e731-c70c-b9a0a0704246}.Debug|Any CPU.ActiveCfg = Debug|Any CPU
		{17e1e971-4a42-e731-c70c-b9a0a0704246}.Debug|Any CPU.Build.0 = Debug|Any CPU
		{4d149185-07d1-9a3b-3f34-475f2a800216}.Debug|Any CPU.ActiveCfg = Debug|Any CPU
		{4d149185-07d1-9a3b-3f34-475f2a800216}.Debug|Any CPU.Build.0 = Debug|Any CPU
		{d762f1c4-ea10-2ad7-f666-7fd417043b87}.Debug|Any CPU.ActiveCfg = Debug|Any CPU
		{d762f1c4-ea10-2ad7-f666-7fd417043b87}.Debug|Any CPU.Build.0 = Debug|Any CPU
	EndGlobalSection
	GlobalSection(SolutionProperties) = preSolution
		HideSolutionNode = FALSE
	EndGlobalSection
EndGlobal
